
Microsoft Visual Studio Solution File, Format Version 11.00
# Visual Studio 2010
Project("{FAE04EC0-301F-11D3-BF4B-00C04F79EFBC}") = "SignalR.Client.MonoDroid", "SignalR.Client.MonoDroid\SignalR.Client.MonoDroid.csproj", "{C4DDF3F4-59CB-4E1E-A679-71B2FDA872EB}"
EndProject
Global
	GlobalSection(SolutionConfigurationPlatforms) = preSolution
		Debug|Any CPU = Debug|Any CPU
		Release|Any CPU = Release|Any CPU
	EndGlobalSection
	GlobalSection(ProjectConfigurationPlatforms) = postSolution
		{C4DDF3F4-59CB-4E1E-A679-71B2FDA872EB}.Debug|Any CPU.ActiveCfg = Debug|Any CPU
		{C4DDF3F4-59CB-4E1E-A679-71B2FDA872EB}.Debug|Any CPU.Build.0 = Debug|Any CPU
		{C4DDF3F4-59CB-4E1E-A679-71B2FDA872EB}.Release|Any CPU.ActiveCfg = Release|Any CPU
		{C4DDF3F4-59CB-4E1E-A679-71B2FDA872EB}.Release|Any CPU.Build.0 = Release|Any CPU
	EndGlobalSection
	GlobalSection(MonoDevelopProperties) = preSolution
		StartupItem = SignalR.Client.MonoDroid\SignalR.Client.MonoDroid.csproj
	EndGlobalSection
EndGlobal
